---
lockfileVersion: '9.0'

importers:

  .:
    configDependencies: {}
    packageManagerDependencies:
      '@pnpm/exe':
        specifier: 11.9.0
        version: 11.9.0
      pnpm:
        specifier: 11.9.0
        version: 11.9.0

packages:

  '@pnpm/exe@11.9.0':
    resolution: {integrity: sha512-pPPOpR79qW3nsNhlyDIdfstli4Bi78mk8r22ySxpFRwMbO8KXSjGrVzGmJBsVX39NnJTh7/WADj527nZhG9H9g==}
    hasBin: true

  '@pnpm/linux-arm64@11.9.0':
    resolution: {integrity: sha512-XYmY2qadHauBA3QaHi2R7fI6kt5Flje0WHz9MVrbH0kVH/XLpfOLnwPeE1+EX6K/nDa2CBvzp35VjYCNGFJa9A==}
    cpu: [arm64]
    os: [linux]

  '@pnpm/linux-x64@11.9.0':
    resolution: {integrity: sha512-fl7W5imnSmmgXIqMQFZ/rPaVvk9OkKF8/anqHZE3XEDfWcn3BlWGndyOEas/JN7u2BXWYjs63DJZ3rnG6WOhLA==}
    cpu: [x64]
    os: [linux]

  '@pnpm/linuxstatic-arm64@11.9.0':
    resolution: {integrity: sha512-fif8xbnzVEAIlvaU4yIgWKXeXYb4Kj6WMEl/KvM2x1Rp3AKAjBW/53SGzxO4cZP9doAqUzOIpMRGFVbHGeMDRw==}
    cpu: [arm64]
    os: [linux]
    libc: [musl]

  '@pnpm/linuxstatic-x64@11.9.0':
    resolution: {integrity: sha512-9dKu3QdShqOpnWrjW9owARpIJeP0ul8UgIIbBUv8VDGEYibt+g49zQsNaD7SdMD3WeRSjExPQ1zIhplzr5cwvQ==}
    cpu: [x64]
    os: [linux]
    libc: [musl]

  '@pnpm/macos-arm64@11.9.0':
    resolution: {integrity: sha512-MWzBTgeI5p3odjdVltYvFXaSWAjF2Xk5YaxiP/u2RmW8N6PHsLyIyj37Ds992CrXgFM8fO1RpvsEirozhsD6KA==}
    cpu: [arm64]
    os: [darwin]

  '@pnpm/win-arm64@11.9.0':
    resolution: {integrity: sha512-u/QxEcbKJZxC1t3zUYCZiHzu7TaZ/iXc6EGZoQjkeVT0LXmEVR6ypcK3ByjhIqbxQ3HGX75gnpIpR+VjRjubfw==}
    cpu: [arm64]
    os: [win32]

  '@pnpm/win-x64@11.9.0':
    resolution: {integrity: sha512-HqJVHmZG5UKfLi38AjMl2azVmq87TlWRhwSW+f4q9LLaZeAkFyIZ7LY/pN6mh4VlH9yWj90C+tsb1yKiy7OKnw==}
    cpu: [x64]
    os: [win32]

  '@reflink/reflink-darwin-arm64@0.1.19':
    resolution: {integrity: sha512-ruy44Lpepdk1FqDz38vExBY/PVUsjxZA+chd9wozjUH9JjuDT/HEaQYA6wYN9mf041l0yLVar6BCZuWABJvHSA==}
    engines: {node: '>= 10'}
    cpu: [arm64]
    os: [darwin]

  '@reflink/reflink-darwin-x64@0.1.19':
    resolution: {integrity: sha512-By85MSWrMZa+c26TcnAy8SDk0sTUkYlNnwknSchkhHpGXOtjNDUOxJE9oByBnGbeuIE1PiQsxDG3Ud+IVV9yuA==}
    engines: {node: '>= 10'}
    cpu: [x64]
    os: [darwin]

  '@reflink/reflink-linux-arm64-gnu@0.1.19':
    resolution: {integrity: sha512-7P+er8+rP9iNeN+bfmccM4hTAaLP6PQJPKWSA4iSk2bNvo6KU6RyPgYeHxXmzNKzPVRcypZQTpFgstHam6maVg==}
    engines: {node: '>= 10'}
    cpu: [arm64]
    os: [linux]
    libc: [glibc]

  '@reflink/reflink-linux-arm64-musl@0.1.19':
    resolution: {integrity: sha512-37iO/Dp6m5DDaC2sf3zPtx/hl9FV3Xze4xoYidrxxS9bgP3S8ALroxRK6xBG/1TtfXKTvolvp+IjrUU6ujIGmA==}
    engines: {node: '>= 10'}
    cpu: [arm64]
    os: [linux]
    libc: [musl]

  '@reflink/reflink-linux-x64-gnu@0.1.19':
    resolution: {integrity: sha512-jbI8jvuYCaA3MVUdu8vLoLAFqC+iNMpiSuLbxlAgg7x3K5bsS8nOpTRnkLF7vISJ+rVR8W+7ThXlXlUQ93ulkw==}
    engines: {node: '>= 10'}
    cpu: [x64]
    os: [linux]
    libc: [glibc]

  '@reflink/reflink-linux-x64-musl@0.1.19':
    resolution: {integrity: sha512-e9FBWDe+lv7QKAwtKOt6A2W/fyy/aEEfr0g6j/hWzvQcrzHCsz07BNQYlNOjTfeytrtLU7k449H1PI95jA4OjQ==}
    engines: {node: '>= 10'}
    cpu: [x64]
    os: [linux]
    libc: [musl]

  '@reflink/reflink-win32-arm64-msvc@0.1.19':
    resolution: {integrity: sha512-09PxnVIQcd+UOn4WAW73WU6PXL7DwGS6wPlkMhMg2zlHHG65F3vHepOw06HFCq+N42qkaNAc8AKIabWvtk6cIQ==}
    engines: {node: '>= 10'}
    cpu: [arm64]
    os: [win32]

  '@reflink/reflink-win32-x64-msvc@0.1.19':
    resolution: {integrity: sha512-E//yT4ni2SyhwP8JRjVGWr3cbnhWDiPLgnQ66qqaanjjnMiu3O/2tjCPQXlcGc/DEYofpDc9fvhv6tALQsMV9w==}
    engines: {node: '>= 10'}
    cpu: [x64]
    os: [win32]

  '@reflink/reflink@0.1.19':
    resolution: {integrity: sha512-DmCG8GzysnCZ15bres3N5AHCmwBwYgp0As6xjhQ47rAUTUXxJiK+lLUxaGsX3hd/30qUpVElh05PbGuxRPgJwA==}
    engines: {node: '>= 10'}

  detect-libc@2.1.2:
    resolution: {integrity: sha512-Btj2BOOO83o3WyH59e8MgXsxEQVcarkUOpEYrubB0urwnN10yQ364rsiByU11nZlqWYZm05i/of7io4mzihBtQ==}
    engines: {node: '>=8'}

  pnpm@11.9.0:
    resolution: {integrity: sha512-vWgtXQP+Ul73yf1ngMaITR51asTJyf4AxTh4KCQxDc+Q493E9Tg18G3669UIXkGFXgvLs7YN4qxburieUDbwOw==}
    engines: {node: '>=22.13'}
    hasBin: true

snapshots:

  '@pnpm/exe@11.9.0':
    dependencies:
      '@reflink/reflink': 0.1.19
      detect-libc: 2.1.2
    optionalDependencies:
      '@pnpm/linux-arm64': 11.9.0
      '@pnpm/linux-x64': 11.9.0
      '@pnpm/linuxstatic-arm64': 11.9.0
      '@pnpm/linuxstatic-x64': 11.9.0
      '@pnpm/macos-arm64': 11.9.0
      '@pnpm/win-arm64': 11.9.0
      '@pnpm/win-x64': 11.9.0

  '@pnpm/linux-arm64@11.9.0':
    optional: true

  '@pnpm/linux-x64@11.9.0':
    optional: true

  '@pnpm/linuxstatic-arm64@11.9.0':
    optional: true

  '@pnpm/linuxstatic-x64@11.9.0':
    optional: true

  '@pnpm/macos-arm64@11.9.0':
    optional: true

  '@pnpm/win-arm64@11.9.0':
    optional: true

  '@pnpm/win-x64@11.9.0':
    optional: true

  '@reflink/reflink-darwin-arm64@0.1.19':
    optional: true

  '@reflink/reflink-darwin-x64@0.1.19':
    optional: true

  '@reflink/reflink-linux-arm64-gnu@0.1.19':
    optional: true

  '@reflink/reflink-linux-arm64-musl@0.1.19':
    optional: true

  '@reflink/reflink-linux-x64-gnu@0.1.19':
    optional: true

  '@reflink/reflink-linux-x64-musl@0.1.19':
    optional: true

  '@reflink/reflink-win32-arm64-msvc@0.1.19':
    optional: true

  '@reflink/reflink-win32-x64-msvc@0.1.19':
    optional: true

  '@reflink/reflink@0.1.19':
    optionalDependencies:
      '@reflink/reflink-darwin-arm64': 0.1.19
      '@reflink/reflink-darwin-x64': 0.1.19
      '@reflink/reflink-linux-arm64-gnu': 0.1.19
      '@reflink/reflink-linux-arm64-musl': 0.1.19
      '@reflink/reflink-linux-x64-gnu': 0.1.19
      '@reflink/reflink-linux-x64-musl': 0.1.19
      '@reflink/reflink-win32-arm64-msvc': 0.1.19
      '@reflink/reflink-win32-x64-msvc': 0.1.19

  detect-libc@2.1.2: {}

  pnpm@11.9.0: {}

---
lockfileVersion: '9.0'

settings:
  autoInstallPeers: true
  excludeLinksFromLockfile: false

importers:

  .:
    devDependencies:
      oxfmt:
        specifier: 0.59.0
        version: 0.59.0

packages:

  '@oxfmt/binding-android-arm-eabi@0.59.0':
    resolution: {integrity: sha512-bNTnfbuG7sAwb2PakMNaDukx5kXeW9duXOBeWtTOiLz3fXz3q2DlWguufPZ+c2IHEVrRXHD+M4aUgEWm841LDA==}
    engines: {node: ^20.19.0 || >=22.12.0}
    cpu: [arm]
    os: [android]

  '@oxfmt/binding-android-arm64@0.59.0':
    resolution: {integrity: sha512-R/Sn7z52QtdAKNqQLLY0EK7hVMjXiz3XUlvoCFCm/60jgIzAnQtiqLKBCFaBkimCQL5rs2ezPMcicpjCsrl54Q==}
    engines: {node: ^20.19.0 || >=22.12.0}
    cpu: [arm64]
    os: [android]

  '@oxfmt/binding-darwin-arm64@0.59.0':
    resolution: {integrity: sha512-vm/ynUqE4HjC0ZIEjmXv1UJu1/GngccQ+T+TJudTMxUxm6r+GQTg1TO3E5jJfI71pBaXxSzs1+vWHIwuilGHhw==}
    engines: {node: ^20.19.0 || >=22.12.0}
    cpu: [arm64]
    os: [darwin]

  '@oxfmt/binding-darwin-x64@0.59.0':
    resolution: {integrity: sha512-uTtYDpLN/obfKVWGpgEc8BqYlLZBQTPz2uYEvLRy3HPZxjZ34wiFzukUBU2bf64JuCYZI//GTV1EOMmWlPjf/w==}
    engines: {node: ^20.19.0 || >=22.12.0}
    cpu: [x64]
    os: [darwin]

  '@oxfmt/binding-freebsd-x64@0.59.0':
    resolution: {integrity: sha512-e2UnxL/ifStSPy8ffBCDbdy595SYsGy+U1pur4G65TuMmWxAMBzYGG7atZo/3mp515p8rZdsflxVD/E1FAdPLQ==}
    engines: {node: ^20.19.0 || >=22.12.0}
    cpu: [x64]
    os: [freebsd]

  '@oxfmt/binding-linux-arm-gnueabihf@0.59.0':
    resolution: {integrity: sha512-LtdeZ1l0urxte3VNi3g8cocZwv1xGM1NKHSgF/fJEEVhyQmlgGh7WFWKFd/pNuO7djfvPNtNO1+MS+FEWkgVSA==}
    engines: {node: ^20.19.0 || >=22.12.0}
    cpu: [arm]
    os: [linux]

  '@oxfmt/binding-linux-arm-musleabihf@0.59.0':
    resolution: {integrity: sha512-dBTciSsj9GTMl7p+h2gMSI0hoPn2ijfc/dUsbnWsP0RbwgPl2r0C/5zkMb3Pb+gGj17LH7f1o4qLo9aes/pAvA==}
    engines: {node: ^20.19.0 || >=22.12.0}
    cpu: [arm]
    os: [linux]

  '@oxfmt/binding-linux-arm64-gnu@0.59.0':
    resolution: {integrity: sha512-tXVdJ/JINsNWdponPHN0OuKHtC+HdpyoS9sd6IDPNiiEYsRki8b7tefRZ1iMnRkdbyT4SEbguWsr6o+5awvbPQ==}
    engines: {node: ^20.19.0 || >=22.12.0}
    cpu: [arm64]
    os: [linux]
    libc: [glibc]

  '@oxfmt/binding-linux-arm64-musl@0.59.0':
    resolution: {integrity: sha512-RRTq38i2zT5fnw6XGHjvT6w2mh6x/G3m6AZcAZ56OTDTT/lsOeYnG3SVjwmH40z5kPqF+lf+o35e6m6PpKy9Dw==}
    engines: {node: ^20.19.0 || >=22.12.0}
    cpu: [arm64]
    os: [linux]
    libc: [musl]

  '@oxfmt/binding-linux-ppc64-gnu@0.59.0':
    resolution: {integrity: sha512-lD3k7glAJSaXW0D6xzu8VOZbYbosvy+0ktOVkfLEoQF5HJlMSxTQ2KNW0JO+08ccP/1ElOKktVEMI0fqRbVB4w==}
    engines: {node: ^20.19.0 || >=22.12.0}
    cpu: [ppc64]
    os: [linux]
    libc: [glibc]

  '@oxfmt/binding-linux-riscv64-gnu@0.59.0':
    resolution: {integrity: sha512-WH5ZP1RbuHKBO/yfPRQKpNO/ijHcEDNbnmC4VPf/Bcd3+mbMAZpRiJWRa1PL5bREdIZZHo343mk3sqlc9x7Usw==}
    engines: {node: ^20.19.0 || >=22.12.0}
    cpu: [riscv64]
    os: [linux]
    libc: [glibc]

  '@oxfmt/binding-linux-riscv64-musl@0.59.0':
    resolution: {integrity: sha512-743wOiaI9RZY4QVGkWkfGRavD5ZJUJ6gscFjVrVu1dP8AZh9jM+a6v3NhlR+OIzHdS6DhLM96w+gcVskskz7rw==}
    engines: {node: ^20.19.0 || >=22.12.0}
    cpu: [riscv64]
    os: [linux]
    libc: [musl]

  '@oxfmt/binding-linux-s390x-gnu@0.59.0':
    resolution: {integrity: sha512-xjRXQsRnrRZCcCkIEnbd2lmsQNobtwwkJxdy2bWXhZ1lIN0ouZwsBXRsoovW3yATuziAYwr9HMiQuR/Cc75NIw==}
    engines: {node: ^20.19.0 || >=22.12.0}
    cpu: [s390x]
    os: [linux]
    libc: [glibc]

  '@oxfmt/binding-linux-x64-gnu@0.59.0':
    resolution: {integrity: sha512-4hNjqq/Rbr9B+StY9zMMAfm72+mtM4v80xYL5Qkb59Qd72g2vJMI0iFlPj3kf6miMsie/yJ7rt4urJT292HBgA==}
    engines: {node: ^20.19.0 || >=22.12.0}
    cpu: [x64]
    os: [linux]
    libc: [glibc]

  '@oxfmt/binding-linux-x64-musl@0.59.0':
    resolution: {integrity: sha512-NH579iN8EVQYsWowUB8B5vFchcylJtwPVJ7NmUAqEQHNLfhPbDT3K56KrECNAkUN4QpF4qiMgN2vsfZwVvjm7g==}
    engines: {node: ^20.19.0 || >=22.12.0}
    cpu: [x64]
    os: [linux]
    libc: [musl]

  '@oxfmt/binding-openharmony-arm64@0.59.0':
    resolution: {integrity: sha512-mzZy3Z5Aj1D75Aq9FVlmoRQH5ei8Ga4o/NZmlXkKyeZ5EmPrUXRR7c6BMBteV1ZuZ/356UYDuLRLjAMxTDTiBA==}
    engines: {node: ^20.19.0 || >=22.12.0}
    cpu: [arm64]
    os: [openharmony]

  '@oxfmt/binding-win32-arm64-msvc@0.59.0':
    resolution: {integrity: sha512-0CpDJ1gE3jN1Gk6xms1Ie6LPfPcOtY4FAtoOmVLHQoAf8DvO2wd0DW2dIX2f7YTp5dxrr0ND8JeUEjm3DP3k5g==}
    engines: {node: ^20.19.0 || >=22.12.0}
    cpu: [arm64]
    os: [win32]

  '@oxfmt/binding-win32-ia32-msvc@0.59.0':
    resolution: {integrity: sha512-zwdKBu3pt87uW0bRcywZb0oGMS7C6n87qogwRYFUgmk44T90ZzYlPjtlFYXs/DnBFrgNCvlHwCuWKfVWLeE7kw==}
    engines: {node: ^20.19.0 || >=22.12.0}
    cpu: [ia32]
    os: [win32]

  '@oxfmt/binding-win32-x64-msvc@0.59.0':
    resolution: {integrity: sha512-dUUbZkKgWrmAeI/puzv4bxN8lzcYaFnQVwFTFtwO2Gp8M7lZGSE2qJjC58g518+1bltJ8mizjYwD0BGHym0l/w==}
    engines: {node: ^20.19.0 || >=22.12.0}
    cpu: [x64]
    os: [win32]

  oxfmt@0.59.0:
    resolution: {integrity: sha512-Xqk6cPZS1yMvVa7OAuenaDZUsgMDutvvbZ9/L5gSvAfW64+WN4HVhgipLj5rVERbYQt8fLs9TopyZ1rU1XEG/w==}
    engines: {node: ^20.19.0 || >=22.12.0}
    hasBin: true
    peerDependencies:
      svelte: ^5.0.0
      vite-plus: '*'
    peerDependenciesMeta:
      svelte:
        optional: true
      vite-plus:
        optional: true

  tinypool@2.1.0:
    resolution: {integrity: sha512-Pugqs6M0m7Lv1I7FtxN4aoyToKg1C4tu+/381vH35y8oENM/Ai7f7C4StcoK4/+BSw9ebcS8jRiVrORFKCALLw==}
    engines: {node: ^20.0.0 || >=22.0.0}

snapshots:

  '@oxfmt/binding-android-arm-eabi@0.59.0':
    optional: true

  '@oxfmt/binding-android-arm64@0.59.0':
    optional: true

  '@oxfmt/binding-darwin-arm64@0.59.0':
    optional: true

  '@oxfmt/binding-darwin-x64@0.59.0':
    optional: true

  '@oxfmt/binding-freebsd-x64@0.59.0':
    optional: true

  '@oxfmt/binding-linux-arm-gnueabihf@0.59.0':
    optional: true

  '@oxfmt/binding-linux-arm-musleabihf@0.59.0':
    optional: true

  '@oxfmt/binding-linux-arm64-gnu@0.59.0':
    optional: true

  '@oxfmt/binding-linux-arm64-musl@0.59.0':
    optional: true

  '@oxfmt/binding-linux-ppc64-gnu@0.59.0':
    optional: true

  '@oxfmt/binding-linux-riscv64-gnu@0.59.0':
    optional: true

  '@oxfmt/binding-linux-riscv64-musl@0.59.0':
    optional: true

  '@oxfmt/binding-linux-s390x-gnu@0.59.0':
    optional: true

  '@oxfmt/binding-linux-x64-gnu@0.59.0':
    optional: true

  '@oxfmt/binding-linux-x64-musl@0.59.0':
    optional: true

  '@oxfmt/binding-openharmony-arm64@0.59.0':
    optional: true

  '@oxfmt/binding-win32-arm64-msvc@0.59.0':
    optional: true

  '@oxfmt/binding-win32-ia32-msvc@0.59.0':
    optional: true

  '@oxfmt/binding-win32-x64-msvc@0.59.0':
    optional: true

  oxfmt@0.59.0:
    dependencies:
      tinypool: 2.1.0
    optionalDependencies:
      '@oxfmt/binding-android-arm-eabi': 0.59.0
      '@oxfmt/binding-android-arm64': 0.59.0
      '@oxfmt/binding-darwin-arm64': 0.59.0
      '@oxfmt/binding-darwin-x64': 0.59.0
      '@oxfmt/binding-freebsd-x64': 0.59.0
      '@oxfmt/binding-linux-arm-gnueabihf': 0.59.0
      '@oxfmt/binding-linux-arm-musleabihf': 0.59.0
      '@oxfmt/binding-linux-arm64-gnu': 0.59.0
      '@oxfmt/binding-linux-arm64-musl': 0.59.0
      '@oxfmt/binding-linux-ppc64-gnu': 0.59.0
      '@oxfmt/binding-linux-riscv64-gnu': 0.59.0
      '@oxfmt/binding-linux-riscv64-musl': 0.59.0
      '@oxfmt/binding-linux-s390x-gnu': 0.59.0
      '@oxfmt/binding-linux-x64-gnu': 0.59.0
      '@oxfmt/binding-linux-x64-musl': 0.59.0
      '@oxfmt/binding-openharmony-arm64': 0.59.0
      '@oxfmt/binding-win32-arm64-msvc': 0.59.0
      '@oxfmt/binding-win32-ia32-msvc': 0.59.0
      '@oxfmt/binding-win32-x64-msvc': 0.59.0

  tinypool@2.1.0: {}
